
Microsoft Visual Studio Solution File, Format Version 12.00
# Visual Studio Version 17
VisualStudioVersion = 17.11.35327.3
MinimumVisualStudioVersion = 10.0.40219.1
Project("{9A19103F-16F7-4668-BE54-9A1E7A4F7556}") = "ScriptorWPF", "ScriptorWPF.csproj", "{06458D3C-5C44-407D-89F1-07CF2DEEA36D}"
EndProject
Project("{C7167F0D-BC9F-4E6E-AFE1-012C56B48DB5}") = "ScriptorWPFPackage", "..\ScriptorWPFPackage\ScriptorWPFPackage.wapproj", "{79A5FA7D-C9C2-4E99-8F68-A5D0A59A6332}"
EndProject
Global
	GlobalSection(SolutionConfigurationPlatforms) = preSolution
		Debug|Any CPU = Debug|Any CPU
		Debug|ARM = Debug|ARM
		Debug|ARM64 = Debug|ARM64
		Debug|x64 = Debug|x64
		Debug|x86 = Debug|x86
		Release ARM|Any CPU = Release ARM|Any CPU
		Release ARM|ARM = Release ARM|ARM
		Release ARM|ARM64 = Release ARM|ARM64
		Release ARM|x64 = Release ARM|x64
		Release ARM|x86 = Release ARM|x86
		Release|Any CPU = Release|Any CPU
		Release|ARM = Release|ARM
		Release|ARM64 = Release|ARM64
		Release|x64 = Release|x64
		Release|x86 = Release|x86
		Release64|Any CPU = Release64|Any CPU
		Release64|ARM = Release64|ARM
		Release64|ARM64 = Release64|ARM64
		Release64|x64 = Release64|x64
		Release64|x86 = Release64|x86
		Release86|Any CPU = Release86|Any CPU
		Release86|ARM = Release86|ARM
		Release86|ARM64 = Release86|ARM64
		Release86|x64 = Release86|x64
		Release86|x86 = Release86|x86
	EndGlobalSection
	GlobalSection(ProjectConfigurationPlatforms) = postSolution
		{06458D3C-5C44-407D-89F1-07CF2DEEA36D}.Debug|Any CPU.ActiveCfg = Debug|Any CPU
		{06458D3C-5C44-407D-89F1-07CF2DEEA36D}.Debug|Any CPU.Build.0 = Debug|Any CPU
		{06458D3C-5C44-407D-89F1-07CF2DEEA36D}.Debug|ARM.ActiveCfg = Debug|Any CPU
		{06458D3C-5C44-407D-89F1-07CF2DEEA36D}.Debug|ARM.Build.0 = Debug|Any CPU
		{06458D3C-5C44-407D-89F1-07CF2DEEA36D}.Debug|ARM64.ActiveCfg = Debug|Any CPU
		{06458D3C-5C44-407D-89F1-07CF2DEEA36D}.Debug|ARM64.Build.0 = Debug|Any CPU
		{06458D3C-5C44-407D-89F1-07CF2DEEA36D}.Debug|x64.ActiveCfg = Debug|Any CPU
		{06458D3C-5C44-407D-89F1-07CF2DEEA36D}.Debug|x64.Build.0 = Debug|Any CPU
		{06458D3C-5C44-407D-89F1-07CF2DEEA36D}.Debug|x86.ActiveCfg = Debug|Any CPU
		{06458D3C-5C44-407D-89F1-07CF2DEEA36D}.Debug|x86.Build.0 = Debug|Any CPU
		{06458D3C-5C44-407D-89F1-07CF2DEEA36D}.Release ARM|Any CPU.ActiveCfg = Release ARM|Any CPU
		{06458D3C-5C44-407D-89F1-07CF2DEEA36D}.Release ARM|Any CPU.Build.0 = Release ARM|Any CPU
		{06458D3C-5C44-407D-89F1-07CF2DEEA36D}.Release ARM|ARM.ActiveCfg = Release ARM|Any CPU
		{06458D3C-5C44-407D-89F1-07CF2DEEA36D}.Release ARM|ARM.Build.0 = Release ARM|Any CPU
		{06458D3C-5C44-407D-89F1-07CF2DEEA36D}.Release ARM|ARM64.ActiveCfg = Release ARM|ARM64
		{06458D3C-5C44-407D-89F1-07CF2DEEA36D}.Release ARM|ARM64.Build.0 = Release ARM|ARM64
		{06458D3C-5C44-407D-89F1-07CF2DEEA36D}.Release ARM|x64.ActiveCfg = Release ARM|ARM64
		{06458D3C-5C44-407D-89F1-07CF2DEEA36D}.Release ARM|x64.Build.0 = Release ARM|ARM64
		{06458D3C-5C44-407D-89F1-07CF2DEEA36D}.Release ARM|x86.ActiveCfg = Release ARM|x86
		{06458D3C-5C44-407D-89F1-07CF2DEEA36D}.Release ARM|x86.Build.0 = Release ARM|x86
		{06458D3C-5C44-407D-89F1-07CF2DEEA36D}.Release|Any CPU.ActiveCfg = Release|x86
		{06458D3C-5C44-407D-89F1-07CF2DEEA36D}.Release|Any CPU.Build.0 = Release|x86
		{06458D3C-5C44-407D-89F1-07CF2DEEA36D}.Release|ARM.ActiveCfg = Release|Any CPU
		{06458D3C-5C44-407D-89F1-07CF2DEEA36D}.Release|ARM.Build.0 = Release|Any CPU
		{06458D3C-5C44-407D-89F1-07CF2DEEA36D}.Release|ARM64.ActiveCfg = Release|Any CPU
		{06458D3C-5C44-407D-89F1-07CF2DEEA36D}.Release|ARM64.Build.0 = Release|Any CPU
		{06458D3C-5C44-407D-89F1-07CF2DEEA36D}.Release|x64.ActiveCfg = Release|Any CPU
		{06458D3C-5C44-407D-89F1-07CF2DEEA36D}.Release|x64.Build.0 = Release|Any CPU
		{06458D3C-5C44-407D-89F1-07CF2DEEA36D}.Release|x86.ActiveCfg = Release|Any CPU
		{06458D3C-5C44-407D-89F1-07CF2DEEA36D}.Release|x86.Build.0 = Release|Any CPU
		{06458D3C-5C44-407D-89F1-07CF2DEEA36D}.Release64|Any CPU.ActiveCfg = Release64|Any CPU
		{06458D3C-5C44-407D-89F1-07CF2DEEA36D}.Release64|Any CPU.Build.0 = Release64|Any CPU
		{06458D3C-5C44-407D-89F1-07CF2DEEA36D}.Release64|ARM.ActiveCfg = Release64|Any CPU
		{06458D3C-5C44-407D-89F1-07CF2DEEA36D}.Release64|ARM.Build.0 = Release64|Any CPU
		{06458D3C-5C44-407D-89F1-07CF2DEEA36D}.Release64|ARM64.ActiveCfg = Release64|ARM64
		{06458D3C-5C44-407D-89F1-07CF2DEEA36D}.Release64|ARM64.Build.0 = Release64|ARM64
		{06458D3C-5C44-407D-89F1-07CF2DEEA36D}.Release64|x64.ActiveCfg = Release64|x64
		{06458D3C-5C44-407D-89F1-07CF2DEEA36D}.Release64|x64.Build.0 = Release64|x64
		{06458D3C-5C44-407D-89F1-07CF2DEEA36D}.Release64|x86.ActiveCfg = Release64|x86
		{06458D3C-5C44-407D-89F1-07CF2DEEA36D}.Release64|x86.Build.0 = Release64|x86
		{06458D3C-5C44-407D-89F1-07CF2DEEA36D}.Release86|Any CPU.ActiveCfg = Release86|Any CPU
		{06458D3C-5C44-407D-89F1-07CF2DEEA36D}.Release86|Any CPU.Build.0 = Release86|Any CPU
		{06458D3C-5C44-407D-89F1-07CF2DEEA36D}.Release86|ARM.ActiveCfg = Release86|Any CPU
		{06458D3C-5C44-407D-89F1-07CF2DEEA36D}.Release86|ARM.Build.0 = Release86|Any CPU
		{06458D3C-5C44-407D-89F1-07CF2DEEA36D}.Release86|ARM64.ActiveCfg = Release86|ARM64
		{06458D3C-5C44-407D-89F1-07CF2DEEA36D}.Release86|ARM64.Build.0 = Release86|ARM64
		{06458D3C-5C44-407D-89F1-07CF2DEEA36D}.Release86|x64.ActiveCfg = Release86|x86
		{06458D3C-5C44-407D-89F1-07CF2DEEA36D}.Release86|x64.Build.0 = Release86|x86
		{06458D3C-5C44-407D-89F1-07CF2DEEA36D}.Release86|x86.ActiveCfg = Release86|x86
		{06458D3C-5C44-407D-89F1-07CF2DEEA36D}.Release86|x86.Build.0 = Release86|x86
		{79A5FA7D-C9C2-4E99-8F68-A5D0A59A6332}.Debug|Any CPU.ActiveCfg = Debug|Any CPU
		{79A5FA7D-C9C2-4E99-8F68-A5D0A59A6332}.Debug|Any CPU.Build.0 = Debug|Any CPU
		{79A5FA7D-C9C2-4E99-8F68-A5D0A59A6332}.Debug|Any CPU.Deploy.0 = Debug|Any CPU
		{79A5FA7D-C9C2-4E99-8F68-A5D0A59A6332}.Debug|ARM.ActiveCfg = Debug|ARM
		{79A5FA7D-C9C2-4E99-8F68-A5D0A59A6332}.Debug|ARM.Build.0 = Debug|ARM
		{79A5FA7D-C9C2-4E99-8F68-A5D0A59A6332}.Debug|ARM.Deploy.0 = Debug|ARM
		{79A5FA7D-C9C2-4E99-8F68-A5D0A59A6332}.Debug|ARM64.ActiveCfg = Debug|ARM64
		{79A5FA7D-C9C2-4E99-8F68-A5D0A59A6332}.Debug|ARM64.Build.0 = Debug|ARM64
		{79A5FA7D-C9C2-4E99-8F68-A5D0A59A6332}.Debug|ARM64.Deploy.0 = Debug|ARM64
		{79A5FA7D-C9C2-4E99-8F68-A5D0A59A6332}.Debug|x64.ActiveCfg = Debug|x64
		{79A5FA7D-C9C2-4E99-8F68-A5D0A59A6332}.Debug|x64.Build.0 = Debug|x64
		{79A5FA7D-C9C2-4E99-8F68-A5D0A59A6332}.Debug|x64.Deploy.0 = Debug|x64
		{79A5FA7D-C9C2-4E99-8F68-A5D0A59A6332}.Debug|x86.ActiveCfg = Debug|x86
		{79A5FA7D-C9C2-4E99-8F68-A5D0A59A6332}.Debug|x86.Build.0 = Debug|x86
		{79A5FA7D-C9C2-4E99-8F68-A5D0A59A6332}.Debug|x86.Deploy.0 = Debug|x86
		{79A5FA7D-C9C2-4E99-8F68-A5D0A59A6332}.Release ARM|Any CPU.ActiveCfg = Release ARM|Any CPU
		{79A5FA7D-C9C2-4E99-8F68-A5D0A59A6332}.Release ARM|Any CPU.Build.0 = Release ARM|Any CPU
		{79A5FA7D-C9C2-4E99-8F68-A5D0A59A6332}.Release ARM|Any CPU.Deploy.0 = Release ARM|Any CPU
		{79A5FA7D-C9C2-4E99-8F68-A5D0A59A6332}.Release ARM|ARM.ActiveCfg = Release ARM|ARM
		{79A5FA7D-C9C2-4E99-8F68-A5D0A59A6332}.Release ARM|ARM.Build.0 = Release ARM|ARM
		{79A5FA7D-C9C2-4E99-8F68-A5D0A59A6332}.Release ARM|ARM.Deploy.0 = Release ARM|ARM
		{79A5FA7D-C9C2-4E99-8F68-A5D0A59A6332}.Release ARM|ARM64.ActiveCfg = Release ARM|ARM64
		{79A5FA7D-C9C2-4E99-8F68-A5D0A59A6332}.Release ARM|ARM64.Build.0 = Release ARM|ARM64
		{79A5FA7D-C9C2-4E99-8F68-A5D0A59A6332}.Release ARM|ARM64.Deploy.0 = Release ARM|ARM64
		{79A5FA7D-C9C2-4E99-8F68-A5D0A59A6332}.Release ARM|x64.ActiveCfg = Release ARM|ARM64
		{79A5FA7D-C9C2-4E99-8F68-A5D0A59A6332}.Release ARM|x64.Build.0 = Release ARM|ARM64
		{79A5FA7D-C9C2-4E99-8F68-A5D0A59A6332}.Release ARM|x64.Deploy.0 = Release ARM|ARM64
		{79A5FA7D-C9C2-4E99-8F68-A5D0A59A6332}.Release ARM|x86.ActiveCfg = Release ARM|x86
		{79A5FA7D-C9C2-4E99-8F68-A5D0A59A6332}.Release ARM|x86.Build.0 = Release ARM|x86
		{79A5FA7D-C9C2-4E99-8F68-A5D0A59A6332}.Release ARM|x86.Deploy.0 = Release ARM|x86
		{79A5FA7D-C9C2-4E99-8F68-A5D0A59A6332}.Release|Any CPU.ActiveCfg = Release|x86
		{79A5FA7D-C9C2-4E99-8F68-A5D0A59A6332}.Release|Any CPU.Build.0 = Release|x86
		{79A5FA7D-C9C2-4E99-8F68-A5D0A59A6332}.Release|Any CPU.Deploy.0 = Release|x86
		{79A5FA7D-C9C2-4E99-8F68-A5D0A59A6332}.Release|ARM.ActiveCfg = Release|ARM
		{79A5FA7D-C9C2-4E99-8F68-A5D0A59A6332}.Release|ARM.Build.0 = Release|ARM
		{79A5FA7D-C9C2-4E99-8F68-A5D0A59A6332}.Release|ARM.Deploy.0 = Release|ARM
		{79A5FA7D-C9C2-4E99-8F68-A5D0A59A6332}.Release|ARM64.ActiveCfg = Release|ARM64
		{79A5FA7D-C9C2-4E99-8F68-A5D0A59A6332}.Release|ARM64.Build.0 = Release|ARM64
		{79A5FA7D-C9C2-4E99-8F68-A5D0A59A6332}.Release|ARM64.Deploy.0 = Release|ARM64
		{79A5FA7D-C9C2-4E99-8F68-A5D0A59A6332}.Release|x64.ActiveCfg = Release|Any CPU
		{79A5FA7D-C9C2-4E99-8F68-A5D0A59A6332}.Release|x64.Build.0 = Release|Any CPU
		{79A5FA7D-C9C2-4E99-8F68-A5D0A59A6332}.Release|x64.Deploy.0 = Release|Any CPU
		{79A5FA7D-C9C2-4E99-8F68-A5D0A59A6332}.Release|x86.ActiveCfg = Release|x86
		{79A5FA7D-C9C2-4E99-8F68-A5D0A59A6332}.Release|x86.Build.0 = Release|x86
		{79A5FA7D-C9C2-4E99-8F68-A5D0A59A6332}.Release|x86.Deploy.0 = Release|x86
		{79A5FA7D-C9C2-4E99-8F68-A5D0A59A6332}.Release64|Any CPU.ActiveCfg = Release64|Any CPU
		{79A5FA7D-C9C2-4E99-8F68-A5D0A59A6332}.Release64|Any CPU.Build.0 = Release64|Any CPU
		{79A5FA7D-C9C2-4E99-8F68-A5D0A59A6332}.Release64|Any CPU.Deploy.0 = Release64|Any CPU
		{79A5FA7D-C9C2-4E99-8F68-A5D0A59A6332}.Release64|ARM.ActiveCfg = Release64|ARM
		{79A5FA7D-C9C2-4E99-8F68-A5D0A59A6332}.Release64|ARM.Build.0 = Release64|ARM
		{79A5FA7D-C9C2-4E99-8F68-A5D0A59A6332}.Release64|ARM.Deploy.0 = Release64|ARM
		{79A5FA7D-C9C2-4E99-8F68-A5D0A59A6332}.Release64|ARM64.ActiveCfg = Release64|ARM64
		{79A5FA7D-C9C2-4E99-8F68-A5D0A59A6332}.Release64|ARM64.Build.0 = Release64|ARM64
		{79A5FA7D-C9C2-4E99-8F68-A5D0A59A6332}.Release64|ARM64.Deploy.0 = Release64|ARM64
		{79A5FA7D-C9C2-4E99-8F68-A5D0A59A6332}.Release64|x64.ActiveCfg = Release64|x64
		{79A5FA7D-C9C2-4E99-8F68-A5D0A59A6332}.Release64|x64.Build.0 = Release64|x64
		{79A5FA7D-C9C2-4E99-8F68-A5D0A59A6332}.Release64|x64.Deploy.0 = Release64|x64
		{79A5FA7D-C9C2-4E99-8F68-A5D0A59A6332}.Release64|x86.ActiveCfg = Release64|x86
		{79A5FA7D-C9C2-4E99-8F68-A5D0A59A6332}.Release64|x86.Build.0 = Release64|x86
		{79A5FA7D-C9C2-4E99-8F68-A5D0A59A6332}.Release64|x86.Deploy.0 = Release64|x86
		{79A5FA7D-C9C2-4E99-8F68-A5D0A59A6332}.Release86|Any CPU.ActiveCfg = Release86|Any CPU
		{79A5FA7D-C9C2-4E99-8F68-A5D0A59A6332}.Release86|Any CPU.Build.0 = Release86|Any CPU
		{79A5FA7D-C9C2-4E99-8F68-A5D0A59A6332}.Release86|Any CPU.Deploy.0 = Release86|Any CPU
		{79A5FA7D-C9C2-4E99-8F68-A5D0A59A6332}.Release86|ARM.ActiveCfg = Release86|ARM
		{79A5FA7D-C9C2-4E99-8F68-A5D0A59A6332}.Release86|ARM.Build.0 = Release86|ARM
		{79A5FA7D-C9C2-4E99-8F68-A5D0A59A6332}.Release86|ARM.Deploy.0 = Release86|ARM
		{79A5FA7D-C9C2-4E99-8F68-A5D0A59A6332}.Release86|ARM64.ActiveCfg = Release86|ARM64
		{79A5FA7D-C9C2-4E99-8F68-A5D0A59A6332}.Release86|ARM64.Build.0 = Release86|ARM64
		{79A5FA7D-C9C2-4E99-8F68-A5D0A59A6332}.Release86|ARM64.Deploy.0 = Release86|ARM64
		{79A5FA7D-C9C2-4E99-8F68-A5D0A59A6332}.Release86|x64.ActiveCfg = Release86|x86
		{79A5FA7D-C9C2-4E99-8F68-A5D0A59A6332}.Release86|x64.Build.0 = Release86|x86
		{79A5FA7D-C9C2-4E99-8F68-A5D0A59A6332}.Release86|x64.Deploy.0 = Release86|x86
		{79A5FA7D-C9C2-4E99-8F68-A5D0A59A6332}.Release86|x86.ActiveCfg = Release86|x86
		{79A5FA7D-C9C2-4E99-8F68-A5D0A59A6332}.Release86|x86.Build.0 = Release86|x86
		{79A5FA7D-C9C2-4E99-8F68-A5D0A59A6332}.Release86|x86.Deploy.0 = Release86|x86
	EndGlobalSection
	GlobalSection(SolutionProperties) = preSolution
		HideSolutionNode = FALSE
	EndGlobalSection
	GlobalSection(ExtensibilityGlobals) = postSolution
		SolutionGuid = {8E5C975B-D121-4DBB-B6AB-28009D600D62}
	EndGlobalSection
EndGlobal
